
Microsoft Visual Studio Solution File, Format Version 12.00
# Visual Studio Version 16
VisualStudioVersion = 16.0.31702.278
MinimumVisualStudioVersion = 10.0.40219.1
Project("{FAE04EC0-301F-11D3-BF4B-00C04F79EFBC}") = "Assembly-CSharp", "Assembly-CSharp\Assembly-CSharp.csproj", "{0DF0F023-3FB6-471D-BF68-A4141DC6AD92}"
EndProject
Project("{FAE04EC0-301F-11D3-BF4B-00C04F79EFBC}") = "Assembly-CSharp-firstpass", "Assembly-CSharp-firstpass\Assembly-CSharp-firstpass.csproj", "{5ADEFEB2-24FA-4FEB-A550-4A178A6C1364}"
EndProject
Global
	GlobalSection(SolutionConfigurationPlatforms) = preSolution
		Debug|Any CPU = Debug|Any CPU
		Release|Any CPU = Release|Any CPU
	EndGlobalSection
	GlobalSection(ProjectConfigurationPlatforms) = postSolution
		{0DF0F023-3FB6-471D-BF68-A4141DC6AD92}.Debug|Any CPU.ActiveCfg = Debug|Any CPU
		{0DF0F023-3FB6-471D-BF68-A4141DC6AD92}.Debug|Any CPU.Build.0 = Debug|Any CPU
		{0DF0F023-3FB6-471D-BF68-A4141DC6AD92}.Release|Any CPU.ActiveCfg = Release|Any CPU
		{0DF0F023-3FB6-471D-BF68-A4141DC6AD92}.Release|Any CPU.Build.0 = Release|Any CPU
		{5ADEFEB2-24FA-4FEB-A550-4A178A6C1364}.Debug|Any CPU.ActiveCfg = Debug|Any CPU
		{5ADEFEB2-24FA-4FEB-A550-4A178A6C1364}.Debug|Any CPU.Build.0 = Debug|Any CPU
		{5ADEFEB2-24FA-4FEB-A550-4A178A6C1364}.Release|Any CPU.ActiveCfg = Release|Any CPU
		{5ADEFEB2-24FA-4FEB-A550-4A178A6C1364}.Release|Any CPU.Build.0 = Release|Any CPU
	EndGlobalSection
	GlobalSection(SolutionProperties) = preSolution
		HideSolutionNode = FALSE
	EndGlobalSection
	GlobalSection(ExtensibilityGlobals) = postSolution
		SolutionGuid = {09791752-1113-48E0-A856-74EA8A5872A0}
	EndGlobalSection
EndGlobal
